// !$*UTF8*$!
{
	archiveVersion = 1;
	classes = {
	};
	objectVersion = 46;
	objects = {

/* Begin PBXBuildFile section */
		4304BFD1195455A800326016 /* main.m in Sources */ = {isa = PBXBuildFile; fileRef = 4304BFD0195455A800326016 /* main.m */; };
		4304BFD4195455A800326016 /* AppDelegate.m in Sources */ = {isa = PBXBuildFile; fileRef = 4304BFD3195455A800326016 /* AppDelegate.m */; };
		4304BFDA195455A800326016 /* Main.storyboard in Resources */ = {isa = PBXBuildFile; fileRef = 4304BFD8195455A800326016 /* Main.storyboard */; };
		4304BFDC195455A800326016 /* Images.xcassets in Resources */ = {isa = PBXBuildFile; fileRef = 4304BFDB195455A800326016 /* Images.xcassets */; };
		4304BFE8195455A800326016 /* MetalTryOut_ObjcTests.m in Sources */ = {isa = PBXBuildFile; fileRef = 4304BFE7195455A800326016 /* MetalTryOut_ObjcTests.m */; };
		439CC3AC195A24BC0062A134 /* MetalViewController.swift in Sources */ = {isa = PBXBuildFile; fileRef = 439CC3AB195A24BC0062A134 /* MetalViewController.swift */; };
		439CC3AF195A25310062A134 /* ViewController.m in Sources */ = {isa = PBXBuildFile; fileRef = 439CC3AE195A25310062A134 /* ViewController.m */; };
		43DDD0FA19585893000C01C4 /* screenshot.png in Resources */ = {isa = PBXBuildFile; fileRef = 43DDD0F919585893000C01C4 /* screenshot.png */; };
		43DE480A1959B92500F2DB0B /* BaseEffect.swift in Sources */ = {isa = PBXBuildFile; fileRef = 43DE48091959B92500F2DB0B /* BaseEffect.swift */; };
		43DE48121959EB4A00F2DB0B /* Model.swift in Sources */ = {isa = PBXBuildFile; fileRef = 43DE48111959EB4A00F2DB0B /* Model.swift */; };
		43DE48141959EBFF00F2DB0B /* Vertex.swift in Sources */ = {isa = PBXBuildFile; fileRef = 43DE48131959EBFF00F2DB0B /* Vertex.swift */; };
		43DE48191959EFE700F2DB0B /* VertexBufferGenerator.m in Sources */ = {isa = PBXBuildFile; fileRef = 43DE48181959EFE700F2DB0B /* VertexBufferGenerator.m */; };
		43DE481B1959FBDF00F2DB0B /* Triangle.swift in Sources */ = {isa = PBXBuildFile; fileRef = 43DE481A1959FBDF00F2DB0B /* Triangle.swift */; };
		43DE481F195A0D0C00F2DB0B /* MetalView.swift in Sources */ = {isa = PBXBuildFile; fileRef = 43DE481E195A0D0C00F2DB0B /* MetalView.swift */; };
		43DE4821195A227B00F2DB0B /* QQViewController.swift in Sources */ = {isa = PBXBuildFile; fileRef = 43DE4820195A227B00F2DB0B /* QQViewController.swift */; };
		43E2301119576E2B00E3F333 /* Shaders.metal in Resources */ = {isa = PBXBuildFile; fileRef = 43E2301019576E2B00E3F333 /* Shaders.metal */; };
/* End PBXBuildFile section */

/* Begin PBXContainerItemProxy section */
		4304BFE2195455A800326016 /* PBXContainerItemProxy */ = {
			isa = PBXContainerItemProxy;
			containerPortal = 4304BFC3195455A800326016 /* Project object */;
			proxyType = 1;
			remoteGlobalIDString = 4304BFCA195455A800326016;
			remoteInfo = "MetalTryOut-Objc";
		};
/* End PBXContainerItemProxy section */

/* Begin PBXFileReference section */
		4304BFCB195455A800326016 /* Triangle.app */ = {isa = PBXFileReference; explicitFileType = wrapper.application; includeInIndex = 0; path = Triangle.app; sourceTree = BUILT_PRODUCTS_DIR; };
		4304BFCF195455A800326016 /* Info.plist */ = {isa = PBXFileReference; lastKnownFileType = text.plist.xml; path = Info.plist; sourceTree = "<group>"; };
		4304BFD0195455A800326016 /* main.m */ = {isa = PBXFileReference; lastKnownFileType = sourcecode.c.objc; path = main.m; sourceTree = "<group>"; };
		4304BFD2195455A800326016 /* AppDelegate.h */ = {isa = PBXFileReference; lastKnownFileType = sourcecode.c.h; path = AppDelegate.h; sourceTree = "<group>"; };
		4304BFD3195455A800326016 /* AppDelegate.m */ = {isa = PBXFileReference; lastKnownFileType = sourcecode.c.objc; path = AppDelegate.m; sourceTree = "<group>"; };
		4304BFD9195455A800326016 /* Base */ = {isa = PBXFileReference; lastKnownFileType = file.storyboard; name = Base; path = Base.lproj/Main.storyboard; sourceTree = "<group>"; };
		4304BFDB195455A800326016 /* Images.xcassets */ = {isa = PBXFileReference; lastKnownFileType = folder.assetcatalog; path = Images.xcassets; sourceTree = "<group>"; };
		4304BFE1195455A800326016 /* TriangleTests.xctest */ = {isa = PBXFileReference; explicitFileType = wrapper.cfbundle; includeInIndex = 0; path = TriangleTests.xctest; sourceTree = BUILT_PRODUCTS_DIR; };
		4304BFE6195455A800326016 /* Info.plist */ = {isa = PBXFileReference; lastKnownFileType = text.plist.xml; path = Info.plist; sourceTree = "<group>"; };
		4304BFE7195455A800326016 /* MetalTryOut_ObjcTests.m */ = {isa = PBXFileReference; lastKnownFileType = sourcecode.c.objc; path = MetalTryOut_ObjcTests.m; sourceTree = "<group>"; };
		439CC3AB195A24BC0062A134 /* MetalViewController.swift */ = {isa = PBXFileReference; fileEncoding = 4; lastKnownFileType = sourcecode.swift; path = MetalViewController.swift; sourceTree = "<group>"; };
		439CC3AD195A25310062A134 /* ViewController.h */ = {isa = PBXFileReference; fileEncoding = 4; lastKnownFileType = sourcecode.c.h; path = ViewController.h; sourceTree = "<group>"; };
		439CC3AE195A25310062A134 /* ViewController.m */ = {isa = PBXFileReference; fileEncoding = 4; lastKnownFileType = sourcecode.c.objc; path = ViewController.m; sourceTree = "<group>"; };
		43DDD0F919585893000C01C4 /* screenshot.png */ = {isa = PBXFileReference; lastKnownFileType = image.png; path = screenshot.png; sourceTree = "<group>"; };
		43DE48081959B92400F2DB0B /* Triangle-Bridging-Header.h */ = {isa = PBXFileReference; lastKnownFileType = sourcecode.c.h; path = "Triangle-Bridging-Header.h"; sourceTree = "<group>"; };
		43DE48091959B92500F2DB0B /* BaseEffect.swift */ = {isa = PBXFileReference; fileEncoding = 4; lastKnownFileType = sourcecode.swift; path = BaseEffect.swift; sourceTree = "<group>"; };
		43DE48111959EB4A00F2DB0B /* Model.swift */ = {isa = PBXFileReference; fileEncoding = 4; lastKnownFileType = sourcecode.swift; path = Model.swift; sourceTree = "<group>"; };
		43DE48131959EBFF00F2DB0B /* Vertex.swift */ = {isa = PBXFileReference; fileEncoding = 4; lastKnownFileType = sourcecode.swift; path = Vertex.swift; sourceTree = "<group>"; };
		43DE48171959EFE700F2DB0B /* VertexBufferGenerator.h */ = {isa = PBXFileReference; fileEncoding = 4; lastKnownFileType = sourcecode.c.h; path = VertexBufferGenerator.h; sourceTree = "<group>"; };
		43DE48181959EFE700F2DB0B /* VertexBufferGenerator.m */ = {isa = PBXFileReference; fileEncoding = 4; lastKnownFileType = sourcecode.c.objc; path = VertexBufferGenerator.m; sourceTree = "<group>"; };
		43DE481A1959FBDF00F2DB0B /* Triangle.swift */ = {isa = PBXFileReference; fileEncoding = 4; lastKnownFileType = sourcecode.swift; path = Triangle.swift; sourceTree = "<group>"; };
		43DE481E195A0D0C00F2DB0B /* MetalView.swift */ = {isa = PBXFileReference; fileEncoding = 4; lastKnownFileType = sourcecode.swift; path = MetalView.swift; sourceTree = "<group>"; };
		43DE4820195A227B00F2DB0B /* QQViewController.swift */ = {isa = PBXFileReference; fileEncoding = 4; lastKnownFileType = sourcecode.swift; path = QQViewController.swift; sourceTree = "<group>"; };
		43E2301019576E2B00E3F333 /* Shaders.metal */ = {isa = PBXFileReference; fileEncoding = 4; lastKnownFileType = sourcecode.metal; path = Shaders.metal; sourceTree = "<group>"; };
/* End PBXFileReference section */

/* Begin PBXFrameworksBuildPhase section */
		4304BFC8195455A800326016 /* Frameworks */ = {
			isa = PBXFrameworksBuildPhase;
			buildActionMask = 2147483647;
			files = (
			);
			runOnlyForDeploymentPostprocessing = 0;
		};
		4304BFDE195455A800326016 /* Frameworks */ = {
			isa = PBXFrameworksBuildPhase;
			buildActionMask = 2147483647;
			files = (
			);
			runOnlyForDeploymentPostprocessing = 0;
		};
/* End PBXFrameworksBuildPhase section */

/* Begin PBXGroup section */
		4304BFC2195455A800326016 = {
			isa = PBXGroup;
			children = (
				4304BFCD195455A800326016 /* MetalTryOut-Objc */,
				4304BFE4195455A800326016 /* MetalTryOut-ObjcTests */,
				4304BFCC195455A800326016 /* Products */,
			);
			sourceTree = "<group>";
		};
		4304BFCC195455A800326016 /* Products */ = {
			isa = PBXGroup;
			children = (
				4304BFCB195455A800326016 /* Triangle.app */,
				4304BFE1195455A800326016 /* TriangleTests.xctest */,
			);
			name = Products;
			sourceTree = "<group>";
		};
		4304BFCD195455A800326016 /* MetalTryOut-Objc */ = {
			isa = PBXGroup;
			children = (
				43E2301019576E2B00E3F333 /* Shaders.metal */,
				43DE481E195A0D0C00F2DB0B /* MetalView.swift */,
				4304BFD8195455A800326016 /* Main.storyboard */,
				439CC3AD195A25310062A134 /* ViewController.h */,
				439CC3AE195A25310062A134 /* ViewController.m */,
				4304BFDB195455A800326016 /* Images.xcassets */,
				4304BFCE195455A800326016 /* Supporting Files */,
				43DE48091959B92500F2DB0B /* BaseEffect.swift */,
				43DE48131959EBFF00F2DB0B /* Vertex.swift */,
				43DE48171959EFE700F2DB0B /* VertexBufferGenerator.h */,
				43DE48181959EFE700F2DB0B /* VertexBufferGenerator.m */,
				43DE48111959EB4A00F2DB0B /* Model.swift */,
				43DE481A1959FBDF00F2DB0B /* Triangle.swift */,
				43DE48081959B92400F2DB0B /* Triangle-Bridging-Header.h */,
				43DE4820195A227B00F2DB0B /* QQViewController.swift */,
				439CC3AB195A24BC0062A134 /* MetalViewController.swift */,
			);
			path = "MetalTryOut-Objc";
			sourceTree = "<group>";
		};
		4304BFCE195455A800326016 /* Supporting Files */ = {
			isa = PBXGroup;
			children = (
				43DDD0F919585893000C01C4 /* screenshot.png */,
				4304BFD2195455A800326016 /* AppDelegate.h */,
				4304BFD3195455A800326016 /* AppDelegate.m */,
				4304BFCF195455A800326016 /* Info.plist */,
				4304BFD0195455A800326016 /* main.m */,
			);
			name = "Supporting Files";
			sourceTree = "<group>";
		};
		4304BFE4195455A800326016 /* MetalTryOut-ObjcTests */ = {
			isa = PBXGroup;
			children = (
				4304BFE7195455A800326016 /* MetalTryOut_ObjcTests.m */,
				4304BFE5195455A800326016 /* Supporting Files */,
			);
			path = "MetalTryOut-ObjcTests";
			sourceTree = "<group>";
		};
		4304BFE5195455A800326016 /* Supporting Files */ = {
			isa = PBXGroup;
			children = (
				4304BFE6195455A800326016 /* Info.plist */,
			);
			name = "Supporting Files";
			sourceTree = "<group>";
		};
/* End PBXGroup section */

/* Begin PBXNativeTarget section */
		4304BFCA195455A800326016 /* Triangle */ = {
			isa = PBXNativeTarget;
			buildConfigurationList = 4304BFEB195455A800326016 /* Build configuration list for PBXNativeTarget "Triangle" */;
			buildPhases = (
				4304BFC7195455A800326016 /* Sources */,
				4304BFC8195455A800326016 /* Frameworks */,
				4304BFC9195455A800326016 /* Resources */,
			);
			buildRules = (
			);
			dependencies = (
			);
			name = Triangle;
			productName = "MetalTryOut-Objc";
			productReference = 4304BFCB195455A800326016 /* Triangle.app */;
			productType = "com.apple.product-type.application";
		};
		4304BFE0195455A800326016 /* TriangleTests */ = {
			isa = PBXNativeTarget;
			buildConfigurationList = 4304BFEE195455A800326016 /* Build configuration list for PBXNativeTarget "TriangleTests" */;
			buildPhases = (
				4304BFDD195455A800326016 /* Sources */,
				4304BFDE195455A800326016 /* Frameworks */,
				4304BFDF195455A800326016 /* Resources */,
			);
			buildRules = (
			);
			dependencies = (
				4304BFE3195455A800326016 /* PBXTargetDependency */,
			);
			name = TriangleTests;
			productName = "MetalTryOut-ObjcTests";
			productReference = 4304BFE1195455A800326016 /* TriangleTests.xctest */;
			productType = "com.apple.product-type.bundle.unit-test";
		};
/* End PBXNativeTarget section */

/* Begin PBXProject section */
		4304BFC3195455A800326016 /* Project object */ = {
			isa = PBXProject;
			attributes = {
				LastUpgradeCheck = 0600;
				ORGANIZATIONNAME = "Andrew Kharchyshyn";
				TargetAttributes = {
					4304BFCA195455A800326016 = {
						CreatedOnToolsVersion = 6.0;
					};
					4304BFE0195455A800326016 = {
						CreatedOnToolsVersion = 6.0;
						TestTargetID = 4304BFCA195455A800326016;
					};
				};
			};
			buildConfigurationList = 4304BFC6195455A800326016 /* Build configuration list for PBXProject "Triangle" */;
			compatibilityVersion = "Xcode 3.2";
			developmentRegion = English;
			hasScannedForEncodings = 0;
			knownRegions = (
				en,
				Base,
			);
			mainGroup = 4304BFC2195455A800326016;
			productRefGroup = 4304BFCC195455A800326016 /* Products */;
			projectDirPath = "";
			projectRoot = "";
			targets = (
				4304BFCA195455A800326016 /* Triangle */,
				4304BFE0195455A800326016 /* TriangleTests */,
			);
		};
/* End PBXProject section */

/* Begin PBXResourcesBuildPhase section */
		4304BFC9195455A800326016 /* Resources */ = {
			isa = PBXResourcesBuildPhase;
			buildActionMask = 2147483647;
			files = (
				43E2301119576E2B00E3F333 /* Shaders.metal in Resources */,
				4304BFDA195455A800326016 /* Main.storyboard in Resources */,
				4304BFDC195455A800326016 /* Images.xcassets in Resources */,
				43DDD0FA19585893000C01C4 /* screenshot.png in Resources */,
			);
			runOnlyForDeploymentPostprocessing = 0;
		};
		4304BFDF195455A800326016 /* Resources */ = {
			isa = PBXResourcesBuildPhase;
			buildActionMask = 2147483647;
			files = (
			);
			runOnlyForDeploymentPostprocessing = 0;
		};
/* End PBXResourcesBuildPhase section */

/* Begin PBXSourcesBuildPhase section */
		4304BFC7195455A800326016 /* Sources */ = {
			isa = PBXSourcesBuildPhase;
			buildActionMask = 2147483647;
			files = (
				43DE48191959EFE700F2DB0B /* VertexBufferGenerator.m in Sources */,
				43DE481B1959FBDF00F2DB0B /* Triangle.swift in Sources */,
				439CC3AC195A24BC0062A134 /* MetalViewController.swift in Sources */,
				4304BFD4195455A800326016 /* AppDelegate.m in Sources */,
				43DE481F195A0D0C00F2DB0B /* MetalView.swift in Sources */,
				439CC3AF195A25310062A134 /* ViewController.m in Sources */,
				43DE48121959EB4A00F2DB0B /* Model.swift in Sources */,
				43DE4821195A227B00F2DB0B /* QQViewController.swift in Sources */,
				43DE480A1959B92500F2DB0B /* BaseEffect.swift in Sources */,
				43DE48141959EBFF00F2DB0B /* Vertex.swift in Sources */,
				4304BFD1195455A800326016 /* main.m in Sources */,
			);
			runOnlyForDeploymentPostprocessing = 0;
		};
		4304BFDD195455A800326016 /* Sources */ = {
			isa = PBXSourcesBuildPhase;
			buildActionMask = 2147483647;
			files = (
				4304BFE8195455A800326016 /* MetalTryOut_ObjcTests.m in Sources */,
			);
			runOnlyForDeploymentPostprocessing = 0;
		};
/* End PBXSourcesBuildPhase section */

/* Begin PBXTargetDependency section */
		4304BFE3195455A800326016 /* PBXTargetDependency */ = {
			isa = PBXTargetDependency;
			target = 4304BFCA195455A800326016 /* Triangle */;
			targetProxy = 4304BFE2195455A800326016 /* PBXContainerItemProxy */;
		};
/* End PBXTargetDependency section */

/* Begin PBXVariantGroup section */
		4304BFD8195455A800326016 /* Main.storyboard */ = {
			isa = PBXVariantGroup;
			children = (
				4304BFD9195455A800326016 /* Base */,
			);
			name = Main.storyboard;
			sourceTree = "<group>";
		};
/* End PBXVariantGroup section */

/* Begin XCBuildConfiguration section */
		4304BFE9195455A800326016 /* Debug */ = {
			isa = XCBuildConfiguration;
			buildSettings = {
				ALWAYS_SEARCH_USER_PATHS = NO;
				CLANG_CXX_LANGUAGE_STANDARD = "gnu++0x";
				CLANG_CXX_LIBRARY = "libc++";
				CLANG_ENABLE_MODULES = YES;
				CLANG_ENABLE_OBJC_ARC = YES;
				CLANG_WARN_BOOL_CONVERSION = YES;
				CLANG_WARN_CONSTANT_CONVERSION = YES;
				CLANG_WARN_DIRECT_OBJC_ISA_USAGE = YES_ERROR;
				CLANG_WARN_EMPTY_BODY = YES;
				CLANG_WARN_ENUM_CONVERSION = YES;
				CLANG_WARN_INT_CONVERSION = YES;
				CLANG_WARN_OBJC_ROOT_CLASS = YES_ERROR;
				CLANG_WARN_UNREACHABLE_CODE = YES;
				CLANG_WARN__DUPLICATE_METHOD_MATCH = YES;
				"CODE_SIGN_IDENTITY[sdk=iphoneos*]" = "iPhone Developer";
				COPY_PHASE_STRIP = NO;
				ENABLE_STRICT_OBJC_MSGSEND = YES;
				GCC_C_LANGUAGE_STANDARD = gnu99;
				GCC_DYNAMIC_NO_PIC = NO;
				GCC_OPTIMIZATION_LEVEL = 0;
				GCC_PREPROCESSOR_DEFINITIONS = (
					"DEBUG=1",
					"$(inherited)",
				);
				GCC_SYMBOLS_PRIVATE_EXTERN = NO;
				GCC_WARN_64_TO_32_BIT_CONVERSION = YES;
				GCC_WARN_ABOUT_RETURN_TYPE = YES_ERROR;
				GCC_WARN_UNDECLARED_SELECTOR = YES;
				GCC_WARN_UNINITIALIZED_AUTOS = YES_AGGRESSIVE;
				GCC_WARN_UNUSED_FUNCTION = YES;
				GCC_WARN_UNUSED_VARIABLE = YES;
				IPHONEOS_DEPLOYMENT_TARGET = 8.0;
				METAL_ENABLE_DEBUG_INFO = YES;
				ONLY_ACTIVE_ARCH = YES;
				SDKROOT = iphoneos;
			};
			name = Debug;
		};
		4304BFEA195455A800326016 /* Release */ = {
			isa = XCBuildConfiguration;
			buildSettings = {
				ALWAYS_SEARCH_USER_PATHS = NO;
				CLANG_CXX_LANGUAGE_STANDARD = "gnu++0x";
				CLANG_CXX_LIBRARY = "libc++";
				CLANG_ENABLE_MODULES = YES;
				CLANG_ENABLE_OBJC_ARC = YES;
				CLANG_WARN_BOOL_CONVERSION = YES;
				CLANG_WARN_CONSTANT_CONVERSION = YES;
				CLANG_WARN_DIRECT_OBJC_ISA_USAGE = YES_ERROR;
				CLANG_WARN_EMPTY_BODY = YES;
				CLANG_WARN_ENUM_CONVERSION = YES;
				CLANG_WARN_INT_CONVERSION = YES;
				CLANG_WARN_OBJC_ROOT_CLASS = YES_ERROR;
				CLANG_WARN_UNREACHABLE_CODE = YES;
				CLANG_WARN__DUPLICATE_METHOD_MATCH = YES;
				"CODE_SIGN_IDENTITY[sdk=iphoneos*]" = "iPhone Developer";
				COPY_PHASE_STRIP = YES;
				ENABLE_NS_ASSERTIONS = NO;
				ENABLE_STRICT_OBJC_MSGSEND = YES;
				GCC_C_LANGUAGE_STANDARD = gnu99;
				GCC_WARN_64_TO_32_BIT_CONVERSION = YES;
				GCC_WARN_ABOUT_RETURN_TYPE = YES_ERROR;
				GCC_WARN_UNDECLARED_SELECTOR = YES;
				GCC_WARN_UNINITIALIZED_AUTOS = YES_AGGRESSIVE;
				GCC_WARN_UNUSED_FUNCTION = YES;
				GCC_WARN_UNUSED_VARIABLE = YES;
				IPHONEOS_DEPLOYMENT_TARGET = 8.0;
				METAL_ENABLE_DEBUG_INFO = NO;
				SDKROOT = iphoneos;
				VALIDATE_PRODUCT = YES;
			};
			name = Release;
		};
		4304BFEC195455A800326016 /* Debug */ = {
			isa = XCBuildConfiguration;
			buildSettings = {
				ASSETCATALOG_COMPILER_APPICON_NAME = AppIcon;
				ASSETCATALOG_COMPILER_LAUNCHIMAGE_NAME = LaunchImage;
				CLANG_ENABLE_MODULES = YES;
				INFOPLIST_FILE = "MetalTryOut-Objc/Info.plist";
				LD_RUNPATH_SEARCH_PATHS = "$(inherited) @executable_path/Frameworks";
				OTHER_SWIFT_FLAGS = "-Ofast";
				PRODUCT_NAME = Triangle;
				SWIFT_OBJC_BRIDGING_HEADER = "MetalTryOut-Objc/Triangle-Bridging-Header.h";
				SWIFT_OPTIMIZATION_LEVEL = "-Onone";
			};
			name = Debug;
		};
		4304BFED195455A800326016 /* Release */ = {
			isa = XCBuildConfiguration;
			buildSettings = {
				ASSETCATALOG_COMPILER_APPICON_NAME = AppIcon;
				ASSETCATALOG_COMPILER_LAUNCHIMAGE_NAME = LaunchImage;
				CLANG_ENABLE_MODULES = YES;
				INFOPLIST_FILE = "MetalTryOut-Objc/Info.plist";
				LD_RUNPATH_SEARCH_PATHS = "$(inherited) @executable_path/Frameworks";
				OTHER_SWIFT_FLAGS = "-Ofast";
				PRODUCT_NAME = Triangle;
				SWIFT_OBJC_BRIDGING_HEADER = "MetalTryOut-Objc/Triangle-Bridging-Header.h";
			};
			name = Release;
		};
		4304BFEF195455A800326016 /* Debug */ = {
			isa = XCBuildConfiguration;
			buildSettings = {
				BUNDLE_LOADER = "$(BUILT_PRODUCTS_DIR)/MetalTryOut-Objc.app/MetalTryOut-Objc";
				FRAMEWORK_SEARCH_PATHS = (
					"$(SDKROOT)/Developer/Library/Frameworks",
					"$(inherited)",
				);
				GCC_PREPROCESSOR_DEFINITIONS = (
					"DEBUG=1",
					"$(inherited)",
				);
				INFOPLIST_FILE = "MetalTryOut-ObjcTests/Info.plist";
				LD_RUNPATH_SEARCH_PATHS = "$(inherited) @executable_path/Frameworks @loader_path/Frameworks";
				METAL_ENABLE_DEBUG_INFO = YES;
				PRODUCT_NAME = TriangleTests;
				TEST_HOST = "$(BUNDLE_LOADER)";
			};
			name = Debug;
		};
		4304BFF0195455A800326016 /* Release */ = {
			isa = XCBuildConfiguration;
			buildSettings = {
				BUNDLE_LOADER = "$(BUILT_PRODUCTS_DIR)/MetalTryOut-Objc.app/MetalTryOut-Objc";
				FRAMEWORK_SEARCH_PATHS = (
					"$(SDKROOT)/Developer/Library/Frameworks",
					"$(inherited)",
				);
				INFOPLIST_FILE = "MetalTryOut-ObjcTests/Info.plist";
				LD_RUNPATH_SEARCH_PATHS = "$(inherited) @executable_path/Frameworks @loader_path/Frameworks";
				METAL_ENABLE_DEBUG_INFO = NO;
				PRODUCT_NAME = TriangleTests;
				TEST_HOST = "$(BUNDLE_LOADER)";
			};
			name = Release;
		};
/* End XCBuildConfiguration section */

/* Begin XCConfigurationList section */
		4304BFC6195455A800326016 /* Build configuration list for PBXProject "Triangle" */ = {
			isa = XCConfigurationList;
			buildConfigurations = (
				4304BFE9195455A800326016 /* Debug */,
				4304BFEA195455A800326016 /* Release */,
			);
			defaultConfigurationIsVisible = 0;
			defaultConfigurationName = Release;
		};
		4304BFEB195455A800326016 /* Build configuration list for PBXNativeTarget "Triangle" */ = {
			isa = XCConfigurationList;
			buildConfigurations = (
				4304BFEC195455A800326016 /* Debug */,
				4304BFED195455A800326016 /* Release */,
			);
			defaultConfigurationIsVisible = 0;
			defaultConfigurationName = Release;
		};
		4304BFEE195455A800326016 /* Build configuration list for PBXNativeTarget "TriangleTests" */ = {
			isa = XCConfigurationList;
			buildConfigurations = (
				4304BFEF195455A800326016 /* Debug */,
				4304BFF0195455A800326016 /* Release */,
			);
			defaultConfigurationIsVisible = 0;
			defaultConfigurationName = Release;
		};
/* End XCConfigurationList section */
	};
	rootObject = 4304BFC3195455A800326016 /* Project object */;
}
